
Microsoft Visual Studio Solution File, Format Version 12.00
# Visual Studio Version 16
VisualStudioVersion = 16.0.31313.79
MinimumVisualStudioVersion = 10.0.40219.1
Project("{9A19103F-16F7-4668-BE54-9A1E7A4F7556}") = "WebApiCore.Api", "WebApiCore.Api\WebApiCore.Api.csproj", "{75F3AA37-0E20-41C5-8E03-6D9B0E130D76}"
EndProject
Project("{9A19103F-16F7-4668-BE54-9A1E7A4F7556}") = "WebApiCore.Data", "WebApiCore.Data\WebApiCore.Data.csproj", "{F702620F-E13A-4C67-BD42-D0BCD451E203}"
EndProject
Project("{2150E333-8FDC-42A3-9474-1A3956D46DE8}") = "Solution Items", "Solution Items", "{18220049-1E59-4813-B1A1-92ED55FBFAD6}"
	ProjectSection(SolutionItems) = preProject
		drop_tables.sql = drop_tables.sql
	EndProjectSection
EndProject
Global
	GlobalSection(SolutionConfigurationPlatforms) = preSolution
		Debug|Any CPU = Debug|Any CPU
		Release|Any CPU = Release|Any CPU
	EndGlobalSection
	GlobalSection(ProjectConfigurationPlatforms) = postSolution
		{75F3AA37-0E20-41C5-8E03-6D9B0E130D76}.Debug|Any CPU.ActiveCfg = Debug|Any CPU
		{75F3AA37-0E20-41C5-8E03-6D9B0E130D76}.Debug|Any CPU.Build.0 = Debug|Any CPU
		{75F3AA37-0E20-41C5-8E03-6D9B0E130D76}.Release|Any CPU.ActiveCfg = Release|Any CPU
		{75F3AA37-0E20-41C5-8E03-6D9B0E130D76}.Release|Any CPU.Build.0 = Release|Any CPU
		{F702620F-E13A-4C67-BD42-D0BCD451E203}.Debug|Any CPU.ActiveCfg = Debug|Any CPU
		{F702620F-E13A-4C67-BD42-D0BCD451E203}.Debug|Any CPU.Build.0 = Debug|Any CPU
		{F702620F-E13A-4C67-BD42-D0BCD451E203}.Release|Any CPU.ActiveCfg = Release|Any CPU
		{F702620F-E13A-4C67-BD42-D0BCD451E203}.Release|Any CPU.Build.0 = Release|Any CPU
	EndGlobalSection
	GlobalSection(SolutionProperties) = preSolution
		HideSolutionNode = FALSE
	EndGlobalSection
	GlobalSection(ExtensibilityGlobals) = postSolution
		SolutionGuid = {43B2C6F7-F507-4AFB-B0FA-B250DDDC83FE}
	EndGlobalSection
EndGlobal
